
Microsoft Visual Studio Solution File, Format Version 12.00
# Visual Studio Version 16
VisualStudioVersion = 16.0.29009.5
MinimumVisualStudioVersion = 10.0.40219.1
Project("{9A19103F-16F7-4668-BE54-9A1E7A4F7556}") = "MyVet.Common", "MyVet.Common\MyVet.Common.csproj", "{B55C6EB2-E360-45BE-AB21-AA54C77659D8}"
EndProject
Project("{FAE04EC0-301F-11D3-BF4B-00C04F79EFBC}") = "MyVet.Web", "MyVet.Web\MyVet.Web.csproj", "{7D6C2026-70FF-4872-9C1B-0A3781FECE70}"
EndProject
Global
	GlobalSection(SolutionConfigurationPlatforms) = preSolution
		Debug|Any CPU = Debug|Any CPU
		Release|Any CPU = Release|Any CPU
	EndGlobalSection
	GlobalSection(ProjectConfigurationPlatforms) = postSolution
		{B55C6EB2-E360-45BE-AB21-AA54C77659D8}.Debug|Any CPU.ActiveCfg = Debug|Any CPU
		{B55C6EB2-E360-45BE-AB21-AA54C77659D8}.Debug|Any CPU.Build.0 = Debug|Any CPU
		{B55C6EB2-E360-45BE-AB21-AA54C77659D8}.Release|Any CPU.ActiveCfg = Release|Any CPU
		{B55C6EB2-E360-45BE-AB21-AA54C77659D8}.Release|Any CPU.Build.0 = Release|Any CPU
		{7D6C2026-70FF-4872-9C1B-0A3781FECE70}.Debug|Any CPU.ActiveCfg = Debug|Any CPU
		{7D6C2026-70FF-4872-9C1B-0A3781FECE70}.Debug|Any CPU.Build.0 = Debug|Any CPU
		{7D6C2026-70FF-4872-9C1B-0A3781FECE70}.Release|Any CPU.ActiveCfg = Release|Any CPU
		{7D6C2026-70FF-4872-9C1B-0A3781FECE70}.Release|Any CPU.Build.0 = Release|Any CPU
	EndGlobalSection
	GlobalSection(SolutionProperties) = preSolution
		HideSolutionNode = FALSE
	EndGlobalSection
	GlobalSection(ExtensibilityGlobals) = postSolution
		SolutionGuid = {4DC16A86-9DDE-4D1E-BFBB-1F2957269153}
	EndGlobalSection
EndGlobal
